
Microsoft Visual Studio Solution File, Format Version 12.00
# Visual Studio Version 16
VisualStudioVersion = 16.0.30907.101
MinimumVisualStudioVersion = 10.0.40219.1
Project("{9A19103F-16F7-4668-BE54-9A1E7A4F7556}") = "DR.CeritaReliefAvadana.Core", "DR.CeritaReliefAvadana.Core\DR.CeritaReliefAvadana.Core.csproj", "{8F726A5B-E2FF-46FB-BD52-E5AF9F78F888}"
EndProject
Project("{9A19103F-16F7-4668-BE54-9A1E7A4F7556}") = "DR.CeritaReliefAvadana.UI", "DR.CeritaReliefAvadana.UI\DR.CeritaReliefAvadana.UI.csproj", "{F37C800A-40F8-4CD1-BF14-BCD91C25D771}"
EndProject
Project("{FAE04EC0-301F-11D3-BF4B-00C04F79EFBC}") = "DR.CeritaReliefAvadana.Droid", "DR.CeritaReliefAvadana.Droid\DR.CeritaReliefAvadana.Droid.csproj", "{618C676E-37CE-4098-837E-531CB9F53A0F}"
EndProject
Project("{FAE04EC0-301F-11D3-BF4B-00C04F79EFBC}") = "DR.CeritaReliefAvadana.iOS", "DR.CeritaReliefAvadana.iOS\DR.CeritaReliefAvadana.iOS.csproj", "{BD166046-1C3F-438B-8101-8F8D6E4942C7}"
EndProject
Project("{9A19103F-16F7-4668-BE54-9A1E7A4F7556}") = "DR.CeritaReliefAvadana.Core.Test", "DR.CeritaReliefAvadana.Core.Test\DR.CeritaReliefAvadana.Core.Test.csproj", "{52D5AF7F-01BD-4478-8284-143EB3BE715D}"
EndProject
Project("{2150E333-8FDC-42A3-9474-1A3956D46DE8}") = "!Solution Items", "!Solution Items", "{3D0FE724-5A43-4115-885C-4695F3BFA6FB}"
	ProjectSection(SolutionItems) = preProject
		.editorconfig = .editorconfig
		AssemblyAttributes.cs = AssemblyAttributes.cs
		GlobalSuppressions.cs = GlobalSuppressions.cs
		LICENSE = LICENSE
		README.md = README.md
		solution.common.targets = solution.common.targets
		solution.tests.common.targets = solution.tests.common.targets
	EndProjectSection
EndProject
Project("{9A19103F-16F7-4668-BE54-9A1E7A4F7556}") = "DR.CeritaReliefAvadana.UI.Test", "DR.CeritaReliefAvadana.UI.Test\DR.CeritaReliefAvadana.UI.Test.csproj", "{FFBAE87E-909F-4CE5-83B9-C22FA3EFAEE3}"
EndProject
Global
	GlobalSection(SolutionConfigurationPlatforms) = preSolution
		Debug|Any CPU = Debug|Any CPU
		Debug|ARM = Debug|ARM
		Debug|iPhone = Debug|iPhone
		Debug|iPhoneSimulator = Debug|iPhoneSimulator
		Debug|x64 = Debug|x64
		Debug|x86 = Debug|x86
		Release|Any CPU = Release|Any CPU
		Release|ARM = Release|ARM
		Release|iPhone = Release|iPhone
		Release|iPhoneSimulator = Release|iPhoneSimulator
		Release|x64 = Release|x64
		Release|x86 = Release|x86
	EndGlobalSection
	GlobalSection(ProjectConfigurationPlatforms) = postSolution
		{8F726A5B-E2FF-46FB-BD52-E5AF9F78F888}.Debug|Any CPU.ActiveCfg = Debug|Any CPU
		{8F726A5B-E2FF-46FB-BD52-E5AF9F78F888}.Debug|Any CPU.Build.0 = Debug|Any CPU
		{8F726A5B-E2FF-46FB-BD52-E5AF9F78F888}.Debug|ARM.ActiveCfg = Debug|Any CPU
		{8F726A5B-E2FF-46FB-BD52-E5AF9F78F888}.Debug|ARM.Build.0 = Debug|Any CPU
		{8F726A5B-E2FF-46FB-BD52-E5AF9F78F888}.Debug|iPhone.ActiveCfg = Debug|Any CPU
		{8F726A5B-E2FF-46FB-BD52-E5AF9F78F888}.Debug|iPhone.Build.0 = Debug|Any CPU
		{8F726A5B-E2FF-46FB-BD52-E5AF9F78F888}.Debug|iPhoneSimulator.ActiveCfg = Debug|Any CPU
		{8F726A5B-E2FF-46FB-BD52-E5AF9F78F888}.Debug|iPhoneSimulator.Build.0 = Debug|Any CPU
		{8F726A5B-E2FF-46FB-BD52-E5AF9F78F888}.Debug|x64.ActiveCfg = Debug|Any CPU
		{8F726A5B-E2FF-46FB-BD52-E5AF9F78F888}.Debug|x64.Build.0 = Debug|Any CPU
		{8F726A5B-E2FF-46FB-BD52-E5AF9F78F888}.Debug|x86.ActiveCfg = Debug|Any CPU
		{8F726A5B-E2FF-46FB-BD52-E5AF9F78F888}.Debug|x86.Build.0 = Debug|Any CPU
		{8F726A5B-E2FF-46FB-BD52-E5AF9F78F888}.Release|Any CPU.ActiveCfg = Release|Any CPU
		{8F726A5B-E2FF-46FB-BD52-E5AF9F78F888}.Release|Any CPU.Build.0 = Release|Any CPU
		{8F726A5B-E2FF-46FB-BD52-E5AF9F78F888}.Release|ARM.ActiveCfg = Release|Any CPU
		{8F726A5B-E2FF-46FB-BD52-E5AF9F78F888}.Release|ARM.Build.0 = Release|Any CPU
		{8F726A5B-E2FF-46FB-BD52-E5AF9F78F888}.Release|iPhone.ActiveCfg = Release|Any CPU
		{8F726A5B-E2FF-46FB-BD52-E5AF9F78F888}.Release|iPhone.Build.0 = Release|Any CPU
		{8F726A5B-E2FF-46FB-BD52-E5AF9F78F888}.Release|iPhoneSimulator.ActiveCfg = Release|Any CPU
		{8F726A5B-E2FF-46FB-BD52-E5AF9F78F888}.Release|iPhoneSimulator.Build.0 = Release|Any CPU
		{8F726A5B-E2FF-46FB-BD52-E5AF9F78F888}.Release|x64.ActiveCfg = Release|Any CPU
		{8F726A5B-E2FF-46FB-BD52-E5AF9F78F888}.Release|x64.Build.0 = Release|Any CPU
		{8F726A5B-E2FF-46FB-BD52-E5AF9F78F888}.Release|x86.ActiveCfg = Release|Any CPU
		{8F726A5B-E2FF-46FB-BD52-E5AF9F78F888}.Release|x86.Build.0 = Release|Any CPU
		{F37C800A-40F8-4CD1-BF14-BCD91C25D771}.Debug|Any CPU.ActiveCfg = Debug|Any CPU
		{F37C800A-40F8-4CD1-BF14-BCD91C25D771}.Debug|Any CPU.Build.0 = Debug|Any CPU
		{F37C800A-40F8-4CD1-BF14-BCD91C25D771}.Debug|ARM.ActiveCfg = Debug|Any CPU
		{F37C800A-40F8-4CD1-BF14-BCD91C25D771}.Debug|ARM.Build.0 = Debug|Any CPU
		{F37C800A-40F8-4CD1-BF14-BCD91C25D771}.Debug|iPhone.ActiveCfg = Debug|Any CPU
		{F37C800A-40F8-4CD1-BF14-BCD91C25D771}.Debug|iPhone.Build.0 = Debug|Any CPU
		{F37C800A-40F8-4CD1-BF14-BCD91C25D771}.Debug|iPhoneSimulator.ActiveCfg = Debug|Any CPU
		{F37C800A-40F8-4CD1-BF14-BCD91C25D771}.Debug|iPhoneSimulator.Build.0 = Debug|Any CPU
		{F37C800A-40F8-4CD1-BF14-BCD91C25D771}.Debug|x64.ActiveCfg = Debug|Any CPU
		{F37C800A-40F8-4CD1-BF14-BCD91C25D771}.Debug|x64.Build.0 = Debug|Any CPU
		{F37C800A-40F8-4CD1-BF14-BCD91C25D771}.Debug|x86.ActiveCfg = Debug|Any CPU
		{F37C800A-40F8-4CD1-BF14-BCD91C25D771}.Debug|x86.Build.0 = Debug|Any CPU
		{F37C800A-40F8-4CD1-BF14-BCD91C25D771}.Release|Any CPU.ActiveCfg = Release|Any CPU
		{F37C800A-40F8-4CD1-BF14-BCD91C25D771}.Release|Any CPU.Build.0 = Release|Any CPU
		{F37C800A-40F8-4CD1-BF14-BCD91C25D771}.Release|ARM.ActiveCfg = Release|Any CPU
		{F37C800A-40F8-4CD1-BF14-BCD91C25D771}.Release|ARM.Build.0 = Release|Any CPU
		{F37C800A-40F8-4CD1-BF14-BCD91C25D771}.Release|iPhone.ActiveCfg = Release|Any CPU
		{F37C800A-40F8-4CD1-BF14-BCD91C25D771}.Release|iPhone.Build.0 = Release|Any CPU
		{F37C800A-40F8-4CD1-BF14-BCD91C25D771}.Release|iPhoneSimulator.ActiveCfg = Release|Any CPU
		{F37C800A-40F8-4CD1-BF14-BCD91C25D771}.Release|iPhoneSimulator.Build.0 = Release|Any CPU
		{F37C800A-40F8-4CD1-BF14-BCD91C25D771}.Release|x64.ActiveCfg = Release|Any CPU
		{F37C800A-40F8-4CD1-BF14-BCD91C25D771}.Release|x64.Build.0 = Release|Any CPU
		{F37C800A-40F8-4CD1-BF14-BCD91C25D771}.Release|x86.ActiveCfg = Release|Any CPU
		{F37C800A-40F8-4CD1-BF14-BCD91C25D771}.Release|x86.Build.0 = Release|Any CPU
		{618C676E-37CE-4098-837E-531CB9F53A0F}.Debug|Any CPU.ActiveCfg = Debug|Any CPU
		{618C676E-37CE-4098-837E-531CB9F53A0F}.Debug|Any CPU.Build.0 = Debug|Any CPU
		{618C676E-37CE-4098-837E-531CB9F53A0F}.Debug|Any CPU.Deploy.0 = Debug|Any CPU
		{618C676E-37CE-4098-837E-531CB9F53A0F}.Debug|ARM.ActiveCfg = Debug|Any CPU
		{618C676E-37CE-4098-837E-531CB9F53A0F}.Debug|ARM.Build.0 = Debug|Any CPU
		{618C676E-37CE-4098-837E-531CB9F53A0F}.Debug|ARM.Deploy.0 = Debug|Any CPU
		{618C676E-37CE-4098-837E-531CB9F53A0F}.Debug|iPhone.ActiveCfg = Debug|Any CPU
		{618C676E-37CE-4098-837E-531CB9F53A0F}.Debug|iPhone.Build.0 = Debug|Any CPU
		{618C676E-37CE-4098-837E-531CB9F53A0F}.Debug|iPhone.Deploy.0 = Debug|Any CPU
		{618C676E-37CE-4098-837E-531CB9F53A0F}.Debug|iPhoneSimulator.ActiveCfg = Debug|Any CPU
		{618C676E-37CE-4098-837E-531CB9F53A0F}.Debug|iPhoneSimulator.Build.0 = Debug|Any CPU
		{618C676E-37CE-4098-837E-531CB9F53A0F}.Debug|iPhoneSimulator.Deploy.0 = Debug|Any CPU
		{618C676E-37CE-4098-837E-531CB9F53A0F}.Debug|x64.ActiveCfg = Debug|Any CPU
		{618C676E-37CE-4098-837E-531CB9F53A0F}.Debug|x64.Build.0 = Debug|Any CPU
		{618C676E-37CE-4098-837E-531CB9F53A0F}.Debug|x64.Deploy.0 = Debug|Any CPU
		{618C676E-37CE-4098-837E-531CB9F53A0F}.Debug|x86.ActiveCfg = Debug|Any CPU
		{618C676E-37CE-4098-837E-531CB9F53A0F}.Debug|x86.Build.0 = Debug|Any CPU
		{618C676E-37CE-4098-837E-531CB9F53A0F}.Debug|x86.Deploy.0 = Debug|Any CPU
		{618C676E-37CE-4098-837E-531CB9F53A0F}.Release|Any CPU.ActiveCfg = Release|Any CPU
		{618C676E-37CE-4098-837E-531CB9F53A0F}.Release|Any CPU.Build.0 = Release|Any CPU
		{618C676E-37CE-4098-837E-531CB9F53A0F}.Release|Any CPU.Deploy.0 = Release|Any CPU
		{618C676E-37CE-4098-837E-531CB9F53A0F}.Release|ARM.ActiveCfg = Release|Any CPU
		{618C676E-37CE-4098-837E-531CB9F53A0F}.Release|ARM.Build.0 = Release|Any CPU
		{618C676E-37CE-4098-837E-531CB9F53A0F}.Release|ARM.Deploy.0 = Release|Any CPU
		{618C676E-37CE-4098-837E-531CB9F53A0F}.Release|iPhone.ActiveCfg = Release|Any CPU
		{618C676E-37CE-4098-837E-531CB9F53A0F}.Release|iPhone.Build.0 = Release|Any CPU
		{618C676E-37CE-4098-837E-531CB9F53A0F}.Release|iPhone.Deploy.0 = Release|Any CPU
		{618C676E-37CE-4098-837E-531CB9F53A0F}.Release|iPhoneSimulator.ActiveCfg = Release|Any CPU
		{618C676E-37CE-4098-837E-531CB9F53A0F}.Release|iPhoneSimulator.Build.0 = Release|Any CPU
		{618C676E-37CE-4098-837E-531CB9F53A0F}.Release|iPhoneSimulator.Deploy.0 = Release|Any CPU
		{618C676E-37CE-4098-837E-531CB9F53A0F}.Release|x64.ActiveCfg = Release|Any CPU
		{618C676E-37CE-4098-837E-531CB9F53A0F}.Release|x64.Build.0 = Release|Any CPU
		{618C676E-37CE-4098-837E-531CB9F53A0F}.Release|x64.Deploy.0 = Release|Any CPU
		{618C676E-37CE-4098-837E-531CB9F53A0F}.Release|x86.ActiveCfg = Release|Any CPU
		{618C676E-37CE-4098-837E-531CB9F53A0F}.Release|x86.Build.0 = Release|Any CPU
		{618C676E-37CE-4098-837E-531CB9F53A0F}.Release|x86.Deploy.0 = Release|Any CPU
		{BD166046-1C3F-438B-8101-8F8D6E4942C7}.Debug|Any CPU.ActiveCfg = Debug|iPhone
		{BD166046-1C3F-438B-8101-8F8D6E4942C7}.Debug|Any CPU.Build.0 = Debug|iPhone
		{BD166046-1C3F-438B-8101-8F8D6E4942C7}.Debug|ARM.ActiveCfg = Debug|iPhone
		{BD166046-1C3F-438B-8101-8F8D6E4942C7}.Debug|iPhone.ActiveCfg = Debug|iPhone
		{BD166046-1C3F-438B-8101-8F8D6E4942C7}.Debug|iPhone.Build.0 = Debug|iPhone
		{BD166046-1C3F-438B-8101-8F8D6E4942C7}.Debug|iPhone.Deploy.0 = Debug|iPhone
		{BD166046-1C3F-438B-8101-8F8D6E4942C7}.Debug|iPhoneSimulator.ActiveCfg = Debug|iPhoneSimulator
		{BD166046-1C3F-438B-8101-8F8D6E4942C7}.Debug|iPhoneSimulator.Build.0 = Debug|iPhoneSimulator
		{BD166046-1C3F-438B-8101-8F8D6E4942C7}.Debug|iPhoneSimulator.Deploy.0 = Debug|iPhoneSimulator
		{BD166046-1C3F-438B-8101-8F8D6E4942C7}.Debug|x64.ActiveCfg = Debug|iPhone
		{BD166046-1C3F-438B-8101-8F8D6E4942C7}.Debug|x86.ActiveCfg = Debug|iPhone
		{BD166046-1C3F-438B-8101-8F8D6E4942C7}.Release|Any CPU.ActiveCfg = Release|iPhone
		{BD166046-1C3F-438B-8101-8F8D6E4942C7}.Release|ARM.ActiveCfg = Release|iPhone
		{BD166046-1C3F-438B-8101-8F8D6E4942C7}.Release|iPhone.ActiveCfg = Release|iPhone
		{BD166046-1C3F-438B-8101-8F8D6E4942C7}.Release|iPhone.Build.0 = Release|iPhone
		{BD166046-1C3F-438B-8101-8F8D6E4942C7}.Release|iPhone.Deploy.0 = Release|iPhone
		{BD166046-1C3F-438B-8101-8F8D6E4942C7}.Release|iPhoneSimulator.ActiveCfg = Release|iPhoneSimulator
		{BD166046-1C3F-438B-8101-8F8D6E4942C7}.Release|iPhoneSimulator.Build.0 = Release|iPhoneSimulator
		{BD166046-1C3F-438B-8101-8F8D6E4942C7}.Release|iPhoneSimulator.Deploy.0 = Release|iPhoneSimulator
		{BD166046-1C3F-438B-8101-8F8D6E4942C7}.Release|x64.ActiveCfg = Release|iPhone
		{BD166046-1C3F-438B-8101-8F8D6E4942C7}.Release|x86.ActiveCfg = Release|iPhone
		{52D5AF7F-01BD-4478-8284-143EB3BE715D}.Debug|Any CPU.ActiveCfg = Debug|Any CPU
		{52D5AF7F-01BD-4478-8284-143EB3BE715D}.Debug|Any CPU.Build.0 = Debug|Any CPU
		{52D5AF7F-01BD-4478-8284-143EB3BE715D}.Debug|ARM.ActiveCfg = Debug|Any CPU
		{52D5AF7F-01BD-4478-8284-143EB3BE715D}.Debug|ARM.Build.0 = Debug|Any CPU
		{52D5AF7F-01BD-4478-8284-143EB3BE715D}.Debug|iPhone.ActiveCfg = Debug|Any CPU
		{52D5AF7F-01BD-4478-8284-143EB3BE715D}.Debug|iPhone.Build.0 = Debug|Any CPU
		{52D5AF7F-01BD-4478-8284-143EB3BE715D}.Debug|iPhoneSimulator.ActiveCfg = Debug|Any CPU
		{52D5AF7F-01BD-4478-8284-143EB3BE715D}.Debug|iPhoneSimulator.Build.0 = Debug|Any CPU
		{52D5AF7F-01BD-4478-8284-143EB3BE715D}.Debug|x64.ActiveCfg = Debug|Any CPU
		{52D5AF7F-01BD-4478-8284-143EB3BE715D}.Debug|x64.Build.0 = Debug|Any CPU
		{52D5AF7F-01BD-4478-8284-143EB3BE715D}.Debug|x86.ActiveCfg = Debug|Any CPU
		{52D5AF7F-01BD-4478-8284-143EB3BE715D}.Debug|x86.Build.0 = Debug|Any CPU
		{52D5AF7F-01BD-4478-8284-143EB3BE715D}.Release|Any CPU.ActiveCfg = Release|Any CPU
		{52D5AF7F-01BD-4478-8284-143EB3BE715D}.Release|Any CPU.Build.0 = Release|Any CPU
		{52D5AF7F-01BD-4478-8284-143EB3BE715D}.Release|ARM.ActiveCfg = Release|Any CPU
		{52D5AF7F-01BD-4478-8284-143EB3BE715D}.Release|ARM.Build.0 = Release|Any CPU
		{52D5AF7F-01BD-4478-8284-143EB3BE715D}.Release|iPhone.ActiveCfg = Release|Any CPU
		{52D5AF7F-01BD-4478-8284-143EB3BE715D}.Release|iPhone.Build.0 = Release|Any CPU
		{52D5AF7F-01BD-4478-8284-143EB3BE715D}.Release|iPhoneSimulator.ActiveCfg = Release|Any CPU
		{52D5AF7F-01BD-4478-8284-143EB3BE715D}.Release|iPhoneSimulator.Build.0 = Release|Any CPU
		{52D5AF7F-01BD-4478-8284-143EB3BE715D}.Release|x64.ActiveCfg = Release|Any CPU
		{52D5AF7F-01BD-4478-8284-143EB3BE715D}.Release|x64.Build.0 = Release|Any CPU
		{52D5AF7F-01BD-4478-8284-143EB3BE715D}.Release|x86.ActiveCfg = Release|Any CPU
		{52D5AF7F-01BD-4478-8284-143EB3BE715D}.Release|x86.Build.0 = Release|Any CPU
		{FFBAE87E-909F-4CE5-83B9-C22FA3EFAEE3}.Debug|Any CPU.ActiveCfg = Debug|Any CPU
		{FFBAE87E-909F-4CE5-83B9-C22FA3EFAEE3}.Debug|Any CPU.Build.0 = Debug|Any CPU
		{FFBAE87E-909F-4CE5-83B9-C22FA3EFAEE3}.Debug|ARM.ActiveCfg = Debug|Any CPU
		{FFBAE87E-909F-4CE5-83B9-C22FA3EFAEE3}.Debug|ARM.Build.0 = Debug|Any CPU
		{FFBAE87E-909F-4CE5-83B9-C22FA3EFAEE3}.Debug|iPhone.ActiveCfg = Debug|Any CPU
		{FFBAE87E-909F-4CE5-83B9-C22FA3EFAEE3}.Debug|iPhone.Build.0 = Debug|Any CPU
		{FFBAE87E-909F-4CE5-83B9-C22FA3EFAEE3}.Debug|iPhoneSimulator.ActiveCfg = Debug|Any CPU
		{FFBAE87E-909F-4CE5-83B9-C22FA3EFAEE3}.Debug|iPhoneSimulator.Build.0 = Debug|Any CPU
		{FFBAE87E-909F-4CE5-83B9-C22FA3EFAEE3}.Debug|x64.ActiveCfg = Debug|Any CPU
		{FFBAE87E-909F-4CE5-83B9-C22FA3EFAEE3}.Debug|x64.Build.0 = Debug|Any CPU
		{FFBAE87E-909F-4CE5-83B9-C22FA3EFAEE3}.Debug|x86.ActiveCfg = Debug|Any CPU
		{FFBAE87E-909F-4CE5-83B9-C22FA3EFAEE3}.Debug|x86.Build.0 = Debug|Any CPU
		{FFBAE87E-909F-4CE5-83B9-C22FA3EFAEE3}.Release|Any CPU.ActiveCfg = Release|Any CPU
		{FFBAE87E-909F-4CE5-83B9-C22FA3EFAEE3}.Release|Any CPU.Build.0 = Release|Any CPU
		{FFBAE87E-909F-4CE5-83B9-C22FA3EFAEE3}.Release|ARM.ActiveCfg = Release|Any CPU
		{FFBAE87E-909F-4CE5-83B9-C22FA3EFAEE3}.Release|ARM.Build.0 = Release|Any CPU
		{FFBAE87E-909F-4CE5-83B9-C22FA3EFAEE3}.Release|iPhone.ActiveCfg = Release|Any CPU
		{FFBAE87E-909F-4CE5-83B9-C22FA3EFAEE3}.Release|iPhone.Build.0 = Release|Any CPU
		{FFBAE87E-909F-4CE5-83B9-C22FA3EFAEE3}.Release|iPhoneSimulator.ActiveCfg = Release|Any CPU
		{FFBAE87E-909F-4CE5-83B9-C22FA3EFAEE3}.Release|iPhoneSimulator.Build.0 = Release|Any CPU
		{FFBAE87E-909F-4CE5-83B9-C22FA3EFAEE3}.Release|x64.ActiveCfg = Release|Any CPU
		{FFBAE87E-909F-4CE5-83B9-C22FA3EFAEE3}.Release|x64.Build.0 = Release|Any CPU
		{FFBAE87E-909F-4CE5-83B9-C22FA3EFAEE3}.Release|x86.ActiveCfg = Release|Any CPU
		{FFBAE87E-909F-4CE5-83B9-C22FA3EFAEE3}.Release|x86.Build.0 = Release|Any CPU
	EndGlobalSection
	GlobalSection(SolutionProperties) = preSolution
		HideSolutionNode = FALSE
	EndGlobalSection
	GlobalSection(ExtensibilityGlobals) = postSolution
		SolutionGuid = {12DE20DE-EC39-47C8-80F5-A921D8692FEA}
	EndGlobalSection
EndGlobal
